# THIS IS AN AUTOGENERATED FILE. DO NOT EDIT THIS FILE DIRECTLY.
# yarn lockfile v1


argparse@^1.0.6, argparse@^1.0.7:
  version "1.0.10"
  resolved "https://registry.yarnpkg.com/argparse/-/argparse-1.0.10.tgz#bcd6791ea5ae09725e17e5ad988134cd40b3d911"
  integrity sha512-o5Roy6tNG4SL/FOkCAN6RzjiakZS25RLYFrcMttJqbdd8BWrnA+fGz57iN5Pb06pvBGvl5gQ0B48dJlslXvoTg==
  dependencies:
    sprintf-js "~1.0.2"

"bfgen@git+https://github.com/rosmarinus/bfgen.git":
  version "1.0.0"
  resolved "git+https://github.com/rosmarinus/bfgen.git#06a834595bc2a49a7042415fa3f35a2223410e82"
  dependencies:
    commander "^4.0.1"
    js-yaml "^3.13.1"
    svg2ttf "^4.3.0"

commander@^4.0.1:
  version "4.1.0"
  resolved "https://registry.yarnpkg.com/commander/-/commander-4.1.0.tgz#545983a0603fe425bc672d66c9e3c89c42121a83"
  integrity sha512-NIQrwvv9V39FHgGFm36+U9SMQzbiHvU79k+iADraJTpmrFFfx7Ds0IvDoAdZsDrknlkRk14OYoWXb57uTh7/sw==

cubic2quad@^1.0.0:
  version "1.1.1"
  resolved "https://registry.yarnpkg.com/cubic2quad/-/cubic2quad-1.1.1.tgz#69b19c61a3f5b41ecf2f1d5fae8fb03415aa8b15"
  integrity sha1-abGcYaP1tB7PLx1fro+wNBWqixU=

esprima@^4.0.0:
  version "4.0.1"
  resolved "https://registry.yarnpkg.com/esprima/-/esprima-4.0.1.tgz#13b04cdb3e6c5d19df91ab6987a8695619b0aa71"
  integrity sha512-eGuFFw7Upda+g4p+QHvnW0RyTX/SVeJBDM/gCtMARO0cLuT2HcEKnTPvhjV6aGeqrCB/sbNop0Kszm0jsaWU4A==

js-yaml@^3.13.1:
  version "3.13.1"
  resolved "https://registry.yarnpkg.com/js-yaml/-/js-yaml-3.13.1.tgz#aff151b30bfdfa8e49e05da22e7415e9dfa37847"
  integrity sha512-YfbcO7jXDdyj0DGxYVSlSeQNHbD7XPWvrVWeVUujrQEoZzWJIRrCPoyk6kL6IAjAG2IolMK4T0hNUe0HOUs5Jw==
  dependencies:
    argparse "^1.0.7"
    esprima "^4.0.0"

lodash@^4.17.10:
  version "4.17.15"
  resolved "https://registry.yarnpkg.com/lodash/-/lodash-4.17.15.tgz#b447f6670a0455bbfeedd11392eff330ea097548"
  integrity sha512-8xOcRHvCjnocdS5cpwXQXVzmmh5e5+saE2QGoeQmbKmRS6J3VQppPOIt0MnmE+4xlZoumy0GPG0D0MVIQbNA1A==

microbuffer@^1.0.0:
  version "1.0.0"
  resolved "https://registry.yarnpkg.com/microbuffer/-/microbuffer-1.0.0.tgz#8b3832ed40c87d51f47bb234913a698a756d19d2"
  integrity sha1-izgy7UDIfVH0e7I0kTppinVtGdI=

sprintf-js@~1.0.2:
  version "1.0.3"
  resolved "https://registry.yarnpkg.com/sprintf-js/-/sprintf-js-1.0.3.tgz#04e6926f662895354f3dd015203633b857297e2c"
  integrity sha1-BOaSb2YolTVPPdAVIDYzuFcpfiw=

svg2ttf@^4.3.0:
  version "4.3.0"
  resolved "https://registry.yarnpkg.com/svg2ttf/-/svg2ttf-4.3.0.tgz#433440c7e9062f8fdcec3cad721cd08a2c7e51e3"
  integrity sha512-LZ0B7zzHWLWbzLzwaKGHQvPOuxCXLReIb3LSxFSGUy1gMw2Utk6KGNbTmbmRL6Rk1qDSmTixnDrQgnXaL9n0CA==
  dependencies:
    argparse "^1.0.6"
    cubic2quad "^1.0.0"
    lodash "^4.17.10"
    microbuffer "^1.0.0"
    svgpath "^2.1.5"
    xmldom "~0.1.22"

svgpath@^2.1.5:
  version "2.2.2"
  resolved "https://registry.yarnpkg.com/svgpath/-/svgpath-2.2.2.tgz#1c70d44e27f7b6bd42a74ed3c960be93e411def3"
  integrity sha512-7cXFbkZvPkZpKLC+3QIfyUd3/Un/CvJONjTD3Gz5qLuEa73StPOt8kZjTi9apxO6zwCaza0bPNnmzTyrQ4qQlw==

xmldom@~0.1.22:
  version "0.1.31"
  resolved "https://registry.yarnpkg.com/xmldom/-/xmldom-0.1.31.tgz#b76c9a1bd9f0a9737e5a72dc37231cf38375e2ff"
  integrity sha512-yS2uJflVQs6n+CyjHoaBmVSqIDevTAWrzMmjG1Gc7h1qQ7uVozNhEPJAwZXWyGQ/Gafo3fCwrcaokezLPupVyQ==
